// !$*UTF8*$!
{
	archiveVersion = 1;
	classes = {
	};
	objectVersion = 50;
	objects = {

/* Begin PBXBuildFile section */
		7A2EFC8C24F866E100328EF6 /* AppDelegate.swift in Sources */ = {isa = PBXBuildFile; fileRef = 7A2EFC8B24F866E100328EF6 /* AppDelegate.swift */; };
		7A2EFC8E24F866E100328EF6 /* SceneDelegate.swift in Sources */ = {isa = PBXBuildFile; fileRef = 7A2EFC8D24F866E100328EF6 /* SceneDelegate.swift */; };
		7A2EFC9024F866E100328EF6 /* ViewController.swift in Sources */ = {isa = PBXBuildFile; fileRef = 7A2EFC8F24F866E100328EF6 /* ViewController.swift */; };
		7A2EFC9524F866E500328EF6 /* Assets.xcassets in Resources */ = {isa = PBXBuildFile; fileRef = 7A2EFC9424F866E500328EF6 /* Assets.xcassets */; };
		7A2EFC9824F866E500328EF6 /* LaunchScreen.storyboard in Resources */ = {isa = PBXBuildFile; fileRef = 7A2EFC9624F866E500328EF6 /* LaunchScreen.storyboard */; };
		7A2EFCA024F868A200328EF6 /* Video.swift in Sources */ = {isa = PBXBuildFile; fileRef = 7A2EFC9F24F868A200328EF6 /* Video.swift */; };
		7A2EFCA224F8694200328EF6 /* YTButton.swift in Sources */ = {isa = PBXBuildFile; fileRef = 7A2EFCA124F8694200328EF6 /* YTButton.swift */; };
		7A2EFCA424F86C4A00328EF6 /* VideoCell.swift in Sources */ = {isa = PBXBuildFile; fileRef = 7A2EFCA324F86C4A00328EF6 /* VideoCell.swift */; };
		7AD4F92F24F87C620055CD48 /* Main.storyboard in Resources */ = {isa = PBXBuildFile; fileRef = 7AD4F92E24F87C620055CD48 /* Main.storyboard */; };
/* End PBXBuildFile section */

/* Begin PBXFileReference section */
		7A2EFC8824F866E100328EF6 /* protocols.app */ = {isa = PBXFileReference; explicitFileType = wrapper.application; includeInIndex = 0; path = protocols.app; sourceTree = BUILT_PRODUCTS_DIR; };
		7A2EFC8B24F866E100328EF6 /* AppDelegate.swift */ = {isa = PBXFileReference; lastKnownFileType = sourcecode.swift; path = AppDelegate.swift; sourceTree = "<group>"; };
		7A2EFC8D24F866E100328EF6 /* SceneDelegate.swift */ = {isa = PBXFileReference; lastKnownFileType = sourcecode.swift; path = SceneDelegate.swift; sourceTree = "<group>"; };
		7A2EFC8F24F866E100328EF6 /* ViewController.swift */ = {isa = PBXFileReference; lastKnownFileType = sourcecode.swift; path = ViewController.swift; sourceTree = "<group>"; };
		7A2EFC9424F866E500328EF6 /* Assets.xcassets */ = {isa = PBXFileReference; lastKnownFileType = folder.assetcatalog; path = Assets.xcassets; sourceTree = "<group>"; };
		7A2EFC9724F866E500328EF6 /* Base */ = {isa = PBXFileReference; lastKnownFileType = file.storyboard; name = Base; path = Base.lproj/LaunchScreen.storyboard; sourceTree = "<group>"; };
		7A2EFC9924F866E500328EF6 /* Info.plist */ = {isa = PBXFileReference; lastKnownFileType = text.plist.xml; path = Info.plist; sourceTree = "<group>"; };
		7A2EFC9F24F868A200328EF6 /* Video.swift */ = {isa = PBXFileReference; lastKnownFileType = sourcecode.swift; path = Video.swift; sourceTree = "<group>"; };
		7A2EFCA124F8694200328EF6 /* YTButton.swift */ = {isa = PBXFileReference; lastKnownFileType = sourcecode.swift; path = YTButton.swift; sourceTree = "<group>"; };
		7A2EFCA324F86C4A00328EF6 /* VideoCell.swift */ = {isa = PBXFileReference; lastKnownFileType = sourcecode.swift; path = VideoCell.swift; sourceTree = "<group>"; };
		7AD4F92E24F87C620055CD48 /* Main.storyboard */ = {isa = PBXFileReference; fileEncoding = 4; lastKnownFileType = file.storyboard; name = Main.storyboard; path = ../../../Main.storyboard; sourceTree = "<group>"; };
/* End PBXFileReference section */

/* Begin PBXFrameworksBuildPhase section */
		7A2EFC8524F866E100328EF6 /* Frameworks */ = {
			isa = PBXFrameworksBuildPhase;
			buildActionMask = 2147483647;
			files = (
			);
			runOnlyForDeploymentPostprocessing = 0;
		};
/* End PBXFrameworksBuildPhase section */

/* Begin PBXGroup section */
		7A2EFC7F24F866E100328EF6 = {
			isa = PBXGroup;
			children = (
				7A2EFC8A24F866E100328EF6 /* protocols */,
				7A2EFC8924F866E100328EF6 /* Products */,
			);
			sourceTree = "<group>";
		};
		7A2EFC8924F866E100328EF6 /* Products */ = {
			isa = PBXGroup;
			children = (
				7A2EFC8824F866E100328EF6 /* protocols.app */,
			);
			name = Products;
			sourceTree = "<group>";
		};
		7A2EFC8A24F866E100328EF6 /* protocols */ = {
			isa = PBXGroup;
			children = (
				7A2EFC8B24F866E100328EF6 /* AppDelegate.swift */,
				7A2EFC8D24F866E100328EF6 /* SceneDelegate.swift */,
				7A2EFC8F24F866E100328EF6 /* ViewController.swift */,
				7A2EFC9F24F868A200328EF6 /* Video.swift */,
				7A2EFCA124F8694200328EF6 /* YTButton.swift */,
				7A2EFCA324F86C4A00328EF6 /* VideoCell.swift */,
				7AD4F92E24F87C620055CD48 /* Main.storyboard */,
				7A2EFC9424F866E500328EF6 /* Assets.xcassets */,
				7A2EFC9624F866E500328EF6 /* LaunchScreen.storyboard */,
				7A2EFC9924F866E500328EF6 /* Info.plist */,
			);
			path = protocols;
			sourceTree = "<group>";
		};
/* End PBXGroup section */

/* Begin PBXNativeTarget section */
		7A2EFC8724F866E100328EF6 /* protocols */ = {
			isa = PBXNativeTarget;
			buildConfigurationList = 7A2EFC9C24F866E500328EF6 /* Build configuration list for PBXNativeTarget "protocols" */;
			buildPhases = (
				7A2EFC8424F866E100328EF6 /* Sources */,
				7A2EFC8524F866E100328EF6 /* Frameworks */,
				7A2EFC8624F866E100328EF6 /* Resources */,
			);
			buildRules = (
			);
			dependencies = (
			);
			name = protocols;
			productName = protocols;
			productReference = 7A2EFC8824F866E100328EF6 /* protocols.app */;
			productType = "com.apple.product-type.application";
		};
/* End PBXNativeTarget section */

/* Begin PBXProject section */
		7A2EFC8024F866E100328EF6 /* Project object */ = {
			isa = PBXProject;
			attributes = {
				LastSwiftUpdateCheck = 1150;
				LastUpgradeCheck = 1150;
				ORGANIZATIONNAME = "Eryk Szcześniak";
				TargetAttributes = {
					7A2EFC8724F866E100328EF6 = {
						CreatedOnToolsVersion = 11.5;
					};
				};
			};
			buildConfigurationList = 7A2EFC8324F866E100328EF6 /* Build configuration list for PBXProject "protocols" */;
			compatibilityVersion = "Xcode 9.3";
			developmentRegion = en;
			hasScannedForEncodings = 0;
			knownRegions = (
				en,
				Base,
			);
			mainGroup = 7A2EFC7F24F866E100328EF6;
			productRefGroup = 7A2EFC8924F866E100328EF6 /* Products */;
			projectDirPath = "";
			projectRoot = "";
			targets = (
				7A2EFC8724F866E100328EF6 /* protocols */,
			);
		};
/* End PBXProject section */

/* Begin PBXResourcesBuildPhase section */
		7A2EFC8624F866E100328EF6 /* Resources */ = {
			isa = PBXResourcesBuildPhase;
			buildActionMask = 2147483647;
			files = (
				7AD4F92F24F87C620055CD48 /* Main.storyboard in Resources */,
				7A2EFC9824F866E500328EF6 /* LaunchScreen.storyboard in Resources */,
				7A2EFC9524F866E500328EF6 /* Assets.xcassets in Resources */,
			);
			runOnlyForDeploymentPostprocessing = 0;
		};
/* End PBXResourcesBuildPhase section */

/* Begin PBXSourcesBuildPhase section */
		7A2EFC8424F866E100328EF6 /* Sources */ = {
			isa = PBXSourcesBuildPhase;
			buildActionMask = 2147483647;
			files = (
				7A2EFC9024F866E100328EF6 /* ViewController.swift in Sources */,
				7A2EFCA024F868A200328EF6 /* Video.swift in Sources */,
				7A2EFC8C24F866E100328EF6 /* AppDelegate.swift in Sources */,
				7A2EFC8E24F866E100328EF6 /* SceneDelegate.swift in Sources */,
				7A2EFCA224F8694200328EF6 /* YTButton.swift in Sources */,
				7A2EFCA424F86C4A00328EF6 /* VideoCell.swift in Sources */,
			);
			runOnlyForDeploymentPostprocessing = 0;
		};
/* End PBXSourcesBuildPhase section */

/* Begin PBXVariantGroup section */
		7A2EFC9624F866E500328EF6 /* LaunchScreen.storyboard */ = {
			isa = PBXVariantGroup;
			children = (
				7A2EFC9724F866E500328EF6 /* Base */,
			);
			name = LaunchScreen.storyboard;
			sourceTree = "<group>";
		};
/* End PBXVariantGroup section */

/* Begin XCBuildConfiguration section */
		7A2EFC9A24F866E500328EF6 /* Debug */ = {
			isa = XCBuildConfiguration;
			buildSettings = {
				ALWAYS_SEARCH_USER_PATHS = NO;
				CLANG_ANALYZER_NONNULL = YES;
				CLANG_ANALYZER_NUMBER_OBJECT_CONVERSION = YES_AGGRESSIVE;
				CLANG_CXX_LANGUAGE_STANDARD = "gnu++14";
				CLANG_CXX_LIBRARY = "libc++";
				CLANG_ENABLE_MODULES = YES;
				CLANG_ENABLE_OBJC_ARC = YES;
				CLANG_ENABLE_OBJC_WEAK = YES;
				CLANG_WARN_BLOCK_CAPTURE_AUTORELEASING = YES;
				CLANG_WARN_BOOL_CONVERSION = YES;
				CLANG_WARN_COMMA = YES;
				CLANG_WARN_CONSTANT_CONVERSION = YES;
				CLANG_WARN_DEPRECATED_OBJC_IMPLEMENTATIONS = YES;
				CLANG_WARN_DIRECT_OBJC_ISA_USAGE = YES_ERROR;
				CLANG_WARN_DOCUMENTATION_COMMENTS = YES;
				CLANG_WARN_EMPTY_BODY = YES;
				CLANG_WARN_ENUM_CONVERSION = YES;
				CLANG_WARN_INFINITE_RECURSION = YES;
				CLANG_WARN_INT_CONVERSION = YES;
				CLANG_WARN_NON_LITERAL_NULL_CONVERSION = YES;
				CLANG_WARN_OBJC_IMPLICIT_RETAIN_SELF = YES;
				CLANG_WARN_OBJC_LITERAL_CONVERSION = YES;
				CLANG_WARN_OBJC_ROOT_CLASS = YES_ERROR;
				CLANG_WARN_RANGE_LOOP_ANALYSIS = YES;
				CLANG_WARN_STRICT_PROTOTYPES = YES;
				CLANG_WARN_SUSPICIOUS_MOVE = YES;
				CLANG_WARN_UNGUARDED_AVAILABILITY = YES_AGGRESSIVE;
				CLANG_WARN_UNREACHABLE_CODE = YES;
				CLANG_WARN__DUPLICATE_METHOD_MATCH = YES;
				COPY_PHASE_STRIP = NO;
				DEBUG_INFORMATION_FORMAT = dwarf;
				ENABLE_STRICT_OBJC_MSGSEND = YES;
				ENABLE_TESTABILITY = YES;
				GCC_C_LANGUAGE_STANDARD = gnu11;
				GCC_DYNAMIC_NO_PIC = NO;
				GCC_NO_COMMON_BLOCKS = YES;
				GCC_OPTIMIZATION_LEVEL = 0;
				GCC_PREPROCESSOR_DEFINITIONS = (
					"DEBUG=1",
					"$(inherited)",
				);
				GCC_WARN_64_TO_32_BIT_CONVERSION = YES;
				GCC_WARN_ABOUT_RETURN_TYPE = YES_ERROR;
				GCC_WARN_UNDECLARED_SELECTOR = YES;
				GCC_WARN_UNINITIALIZED_AUTOS = YES_AGGRESSIVE;
				GCC_WARN_UNUSED_FUNCTION = YES;
				GCC_WARN_UNUSED_VARIABLE = YES;
				IPHONEOS_DEPLOYMENT_TARGET = 13.5;
				MTL_ENABLE_DEBUG_INFO = INCLUDE_SOURCE;
				MTL_FAST_MATH = YES;
				ONLY_ACTIVE_ARCH = YES;
				SDKROOT = iphoneos;
				SWIFT_ACTIVE_COMPILATION_CONDITIONS = DEBUG;
				SWIFT_OPTIMIZATION_LEVEL = "-Onone";
			};
			name = Debug;
		};
		7A2EFC9B24F866E500328EF6 /* Release */ = {
			isa = XCBuildConfiguration;
			buildSettings = {
				ALWAYS_SEARCH_USER_PATHS = NO;
				CLANG_ANALYZER_NONNULL = YES;
				CLANG_ANALYZER_NUMBER_OBJECT_CONVERSION = YES_AGGRESSIVE;
				CLANG_CXX_LANGUAGE_STANDARD = "gnu++14";
				CLANG_CXX_LIBRARY = "libc++";
				CLANG_ENABLE_MODULES = YES;
				CLANG_ENABLE_OBJC_ARC = YES;
				CLANG_ENABLE_OBJC_WEAK = YES;
				CLANG_WARN_BLOCK_CAPTURE_AUTORELEASING = YES;
				CLANG_WARN_BOOL_CONVERSION = YES;
				CLANG_WARN_COMMA = YES;
				CLANG_WARN_CONSTANT_CONVERSION = YES;
				CLANG_WARN_DEPRECATED_OBJC_IMPLEMENTATIONS = YES;
				CLANG_WARN_DIRECT_OBJC_ISA_USAGE = YES_ERROR;
				CLANG_WARN_DOCUMENTATION_COMMENTS = YES;
				CLANG_WARN_EMPTY_BODY = YES;
				CLANG_WARN_ENUM_CONVERSION = YES;
				CLANG_WARN_INFINITE_RECURSION = YES;
				CLANG_WARN_INT_CONVERSION = YES;
				CLANG_WARN_NON_LITERAL_NULL_CONVERSION = YES;
				CLANG_WARN_OBJC_IMPLICIT_RETAIN_SELF = YES;
				CLANG_WARN_OBJC_LITERAL_CONVERSION = YES;
				CLANG_WARN_OBJC_ROOT_CLASS = YES_ERROR;
				CLANG_WARN_RANGE_LOOP_ANALYSIS = YES;
				CLANG_WARN_STRICT_PROTOTYPES = YES;
				CLANG_WARN_SUSPICIOUS_MOVE = YES;
				CLANG_WARN_UNGUARDED_AVAILABILITY = YES_AGGRESSIVE;
				CLANG_WARN_UNREACHABLE_CODE = YES;
				CLANG_WARN__DUPLICATE_METHOD_MATCH = YES;
				COPY_PHASE_STRIP = NO;
				DEBUG_INFORMATION_FORMAT = "dwarf-with-dsym";
				ENABLE_NS_ASSERTIONS = NO;
				ENABLE_STRICT_OBJC_MSGSEND = YES;
				GCC_C_LANGUAGE_STANDARD = gnu11;
				GCC_NO_COMMON_BLOCKS = YES;
				GCC_WARN_64_TO_32_BIT_CONVERSION = YES;
				GCC_WARN_ABOUT_RETURN_TYPE = YES_ERROR;
				GCC_WARN_UNDECLARED_SELECTOR = YES;
				GCC_WARN_UNINITIALIZED_AUTOS = YES_AGGRESSIVE;
				GCC_WARN_UNUSED_FUNCTION = YES;
				GCC_WARN_UNUSED_VARIABLE = YES;
				IPHONEOS_DEPLOYMENT_TARGET = 13.5;
				MTL_ENABLE_DEBUG_INFO = NO;
				MTL_FAST_MATH = YES;
				SDKROOT = iphoneos;
				SWIFT_COMPILATION_MODE = wholemodule;
				SWIFT_OPTIMIZATION_LEVEL = "-O";
				VALIDATE_PRODUCT = YES;
			};
			name = Release;
		};
		7A2EFC9D24F866E500328EF6 /* Debug */ = {
			isa = XCBuildConfiguration;
			buildSettings = {
				ASSETCATALOG_COMPILER_APPICON_NAME = AppIcon;
				CODE_SIGN_STYLE = Automatic;
				DEVELOPMENT_TEAM = DRY9V64JW9;
				INFOPLIST_FILE = protocols/Info.plist;
				LD_RUNPATH_SEARCH_PATHS = (
					"$(inherited)",
					"@executable_path/Frameworks",
				);
				PRODUCT_BUNDLE_IDENTIFIER = com.erykszczesniak.protocols;
				PRODUCT_NAME = "$(TARGET_NAME)";
				SWIFT_VERSION = 5.0;
				TARGETED_DEVICE_FAMILY = "1,2";
			};
			name = Debug;
		};
		7A2EFC9E24F866E500328EF6 /* Release */ = {
			isa = XCBuildConfiguration;
			buildSettings = {
				ASSETCATALOG_COMPILER_APPICON_NAME = AppIcon;
				CODE_SIGN_STYLE = Automatic;
				DEVELOPMENT_TEAM = DRY9V64JW9;
				INFOPLIST_FILE = protocols/Info.plist;
				LD_RUNPATH_SEARCH_PATHS = (
					"$(inherited)",
					"@executable_path/Frameworks",
				);
				PRODUCT_BUNDLE_IDENTIFIER = com.erykszczesniak.protocols;
				PRODUCT_NAME = "$(TARGET_NAME)";
				SWIFT_VERSION = 5.0;
				TARGETED_DEVICE_FAMILY = "1,2";
			};
			name = Release;
		};
/* End XCBuildConfiguration section */

/* Begin XCConfigurationList section */
		7A2EFC8324F866E100328EF6 /* Build configuration list for PBXProject "protocols" */ = {
			isa = XCConfigurationList;
			buildConfigurations = (
				7A2EFC9A24F866E500328EF6 /* Debug */,
				7A2EFC9B24F866E500328EF6 /* Release */,
			);
			defaultConfigurationIsVisible = 0;
			defaultConfigurationName = Release;
		};
		7A2EFC9C24F866E500328EF6 /* Build configuration list for PBXNativeTarget "protocols" */ = {
			isa = XCConfigurationList;
			buildConfigurations = (
				7A2EFC9D24F866E500328EF6 /* Debug */,
				7A2EFC9E24F866E500328EF6 /* Release */,
			);
			defaultConfigurationIsVisible = 0;
			defaultConfigurationName = Release;
		};
/* End XCConfigurationList section */
	};
	rootObject = 7A2EFC8024F866E100328EF6 /* Project object */;
}
